{
  "requires": true,
  "lockfileVersion": 1,
  "dependencies": {
    "babel-runtime": {
      "version": "5.8.38",
      "resolved": "https://registry.npmjs.org/babel-runtime/-/babel-runtime-5.8.38.tgz",
      "integrity": "sha1-HAsC62MxL18If/IEUIJ7QlydTBk=",
      "requires": {
        "core-js": "^1.0.0"
      }
    },
    "core-js": {
      "version": "1.2.7",
      "resolved": "https://registry.npmjs.org/core-js/-/core-js-1.2.7.tgz",
      "integrity": "sha1-ZSKUwUZR2yj6k70tX/KYOk8IxjY="
    },
    "vue-videobg": {
      "version": "2.0.0",
      "resolved": "https://registry.npmjs.org/vue-videobg/-/vue-videobg-2.0.0.tgz",
      "integrity": "sha1-WCZ1Au2m2+FYotXdkkz2G+oIbQw=",
      "requires": {
        "babel-runtime": "^5.8.0",
        "vue": "^2.3.2"
      },
      "dependencies": {
        "vue": {
          "version": "2.6.14",
          "resolved": "https://registry.npmjs.org/vue/-/vue-2.6.14.tgz",
          "integrity": "sha512-x2284lgYvjOMj3Za7kqzRcUSxBboHqtgRE2zlos1qWaOye5yUmHn42LB1250NJBLRwEcdrB0JRwyPTEPhfQjiQ=="
        }
      }
    },
    "vue3-carousel": {
      "version": "0.1.36",
      "resolved": "https://registry.npmjs.org/vue3-carousel/-/vue3-carousel-0.1.36.tgz",
      "integrity": "sha512-e1wDM9wmzy+hFrBaoJXXRTmsiZ1Q71p646MgZ75qC3NlymbigYwqlKewj0cNWslC0Q9gXEieIwIbNJO71Ydesw=="
    }
  }
}
